
Microsoft Visual Studio Solution File, Format Version 12.00
# Visual Studio 15
VisualStudioVersion = 15.0.27130.2020
MinimumVisualStudioVersion = 10.0.40219.1
Project("{54435603-DBB4-11D2-8724-00A0C9A8B90C}") = "TravelyseOutlookAddIn", "TravelyseOutlookAddIn\TravelyseOutlookAddIn.vdproj", "{E3635333-2BBF-4FF9-8E6B-090698F55FDA}"
EndProject
Project("{FAE04EC0-301F-11D3-BF4B-00C04F79EFBC}") = "TravelyseAddIn", "TravelyseAddIn\TravelyseAddIn.csproj", "{9CCB36E8-B0F8-40C4-A1D0-9A40BC48DD1E}"
EndProject
Global
	GlobalSection(SolutionConfigurationPlatforms) = preSolution
		Debug|Any CPU = Debug|Any CPU
		Release|Any CPU = Release|Any CPU
	EndGlobalSection
	GlobalSection(ProjectConfigurationPlatforms) = postSolution
		{E3635333-2BBF-4FF9-8E6B-090698F55FDA}.Debug|Any CPU.ActiveCfg = Debug
		{E3635333-2BBF-4FF9-8E6B-090698F55FDA}.Release|Any CPU.ActiveCfg = Release
		{9CCB36E8-B0F8-40C4-A1D0-9A40BC48DD1E}.Debug|Any CPU.ActiveCfg = Debug|Any CPU
		{9CCB36E8-B0F8-40C4-A1D0-9A40BC48DD1E}.Debug|Any CPU.Build.0 = Debug|Any CPU
		{9CCB36E8-B0F8-40C4-A1D0-9A40BC48DD1E}.Release|Any CPU.ActiveCfg = Release|Any CPU
		{9CCB36E8-B0F8-40C4-A1D0-9A40BC48DD1E}.Release|Any CPU.Build.0 = Release|Any CPU
	EndGlobalSection
	GlobalSection(SolutionProperties) = preSolution
		HideSolutionNode = FALSE
	EndGlobalSection
	GlobalSection(ExtensibilityGlobals) = postSolution
		SolutionGuid = {012ED088-15D9-4DAC-A4DC-FF4696CC5272}
	EndGlobalSection
EndGlobal
